
Microsoft Visual Studio Solution File, Format Version 12.00
# Visual Studio Version 17
VisualStudioVersion = 17.11.35222.181
MinimumVisualStudioVersion = 10.0.40219.1
Project("{FAE04EC0-301F-11D3-BF4B-00C04F79EFBC}") = "Cola", "Cola.csproj", "{C1750914-F285-406C-8612-6D570CCA941E}"
EndProject
Global
	GlobalSection(SolutionConfigurationPlatforms) = preSolution
		Debug|Any CPU = Debug|Any CPU
		Release|Any CPU = Release|Any CPU
	EndGlobalSection
	GlobalSection(ProjectConfigurationPlatforms) = postSolution
		{C1750914-F285-406C-8612-6D570CCA941E}.Debug|Any CPU.ActiveCfg = Debug|Any CPU
		{C1750914-F285-406C-8612-6D570CCA941E}.Debug|Any CPU.Build.0 = Debug|Any CPU
		{C1750914-F285-406C-8612-6D570CCA941E}.Release|Any CPU.ActiveCfg = Release|Any CPU
		{C1750914-F285-406C-8612-6D570CCA941E}.Release|Any CPU.Build.0 = Release|Any CPU
	EndGlobalSection
	GlobalSection(SolutionProperties) = preSolution
		HideSolutionNode = FALSE
	EndGlobalSection
	GlobalSection(ExtensibilityGlobals) = postSolution
		SolutionGuid = {AF95A59F-31B0-4C6C-AA13-EFDA51FD1AA0}
	EndGlobalSection
EndGlobal
